// !$*UTF8*$!
{
	archiveVersion = 1;
	classes = {
	};
	objectVersion = 50;
	objects = {

/* Begin PBXBuildFile section */
		01FC2E8A235B988F00C1418A /* AppDelegate.swift in Sources */ = {isa = PBXBuildFile; fileRef = 01FC2E89235B988F00C1418A /* AppDelegate.swift */; };
		01FC2E8C235B989000C1418A /* Assets.xcassets in Resources */ = {isa = PBXBuildFile; fileRef = 01FC2E8B235B989000C1418A /* Assets.xcassets */; };
		01FC2E8F235B989000C1418A /* MainMenu.xib in Resources */ = {isa = PBXBuildFile; fileRef = 01FC2E8D235B989000C1418A /* MainMenu.xib */; };
		01FC2E9B235B989000C1418A /* RestaurantCheckerTests.swift in Sources */ = {isa = PBXBuildFile; fileRef = 01FC2E9A235B989000C1418A /* RestaurantCheckerTests.swift */; };
		01FC2EA6235B989000C1418A /* RestaurantCheckerUITests.swift in Sources */ = {isa = PBXBuildFile; fileRef = 01FC2EA5235B989000C1418A /* RestaurantCheckerUITests.swift */; };
/* End PBXBuildFile section */

/* Begin PBXContainerItemProxy section */
		01FC2E97235B989000C1418A /* PBXContainerItemProxy */ = {
			isa = PBXContainerItemProxy;
			containerPortal = 01FC2E7E235B988F00C1418A /* Project object */;
			proxyType = 1;
			remoteGlobalIDString = 01FC2E85235B988F00C1418A;
			remoteInfo = RestaurantChecker;
		};
		01FC2EA2235B989000C1418A /* PBXContainerItemProxy */ = {
			isa = PBXContainerItemProxy;
			containerPortal = 01FC2E7E235B988F00C1418A /* Project object */;
			proxyType = 1;
			remoteGlobalIDString = 01FC2E85235B988F00C1418A;
			remoteInfo = RestaurantChecker;
		};
/* End PBXContainerItemProxy section */

/* Begin PBXFileReference section */
		01FC2E86235B988F00C1418A /* RestaurantChecker.app */ = {isa = PBXFileReference; explicitFileType = wrapper.application; includeInIndex = 0; path = RestaurantChecker.app; sourceTree = BUILT_PRODUCTS_DIR; };
		01FC2E89235B988F00C1418A /* AppDelegate.swift */ = {isa = PBXFileReference; lastKnownFileType = sourcecode.swift; path = AppDelegate.swift; sourceTree = "<group>"; };
		01FC2E8B235B989000C1418A /* Assets.xcassets */ = {isa = PBXFileReference; lastKnownFileType = folder.assetcatalog; path = Assets.xcassets; sourceTree = "<group>"; };
		01FC2E8E235B989000C1418A /* Base */ = {isa = PBXFileReference; lastKnownFileType = file.xib; name = Base; path = Base.lproj/MainMenu.xib; sourceTree = "<group>"; };
		01FC2E90235B989000C1418A /* Info.plist */ = {isa = PBXFileReference; lastKnownFileType = text.plist.xml; path = Info.plist; sourceTree = "<group>"; };
		01FC2E91235B989000C1418A /* RestaurantChecker.entitlements */ = {isa = PBXFileReference; lastKnownFileType = text.plist.entitlements; path = RestaurantChecker.entitlements; sourceTree = "<group>"; };
		01FC2E96235B989000C1418A /* RestaurantCheckerTests.xctest */ = {isa = PBXFileReference; explicitFileType = wrapper.cfbundle; includeInIndex = 0; path = RestaurantCheckerTests.xctest; sourceTree = BUILT_PRODUCTS_DIR; };
		01FC2E9A235B989000C1418A /* RestaurantCheckerTests.swift */ = {isa = PBXFileReference; lastKnownFileType = sourcecode.swift; path = RestaurantCheckerTests.swift; sourceTree = "<group>"; };
		01FC2E9C235B989000C1418A /* Info.plist */ = {isa = PBXFileReference; lastKnownFileType = text.plist.xml; path = Info.plist; sourceTree = "<group>"; };
		01FC2EA1235B989000C1418A /* RestaurantCheckerUITests.xctest */ = {isa = PBXFileReference; explicitFileType = wrapper.cfbundle; includeInIndex = 0; path = RestaurantCheckerUITests.xctest; sourceTree = BUILT_PRODUCTS_DIR; };
		01FC2EA5235B989000C1418A /* RestaurantCheckerUITests.swift */ = {isa = PBXFileReference; lastKnownFileType = sourcecode.swift; path = RestaurantCheckerUITests.swift; sourceTree = "<group>"; };
		01FC2EA7235B989000C1418A /* Info.plist */ = {isa = PBXFileReference; lastKnownFileType = text.plist.xml; path = Info.plist; sourceTree = "<group>"; };
/* End PBXFileReference section */

/* Begin PBXFrameworksBuildPhase section */
		01FC2E83235B988F00C1418A /* Frameworks */ = {
			isa = PBXFrameworksBuildPhase;
			buildActionMask = 2147483647;
			files = (
			);
			runOnlyForDeploymentPostprocessing = 0;
		};
		01FC2E93235B989000C1418A /* Frameworks */ = {
			isa = PBXFrameworksBuildPhase;
			buildActionMask = 2147483647;
			files = (
			);
			runOnlyForDeploymentPostprocessing = 0;
		};
		01FC2E9E235B989000C1418A /* Frameworks */ = {
			isa = PBXFrameworksBuildPhase;
			buildActionMask = 2147483647;
			files = (
			);
			runOnlyForDeploymentPostprocessing = 0;
		};
/* End PBXFrameworksBuildPhase section */

/* Begin PBXGroup section */
		01FC2E7D235B988F00C1418A = {
			isa = PBXGroup;
			children = (
				01FC2E88235B988F00C1418A /* RestaurantChecker */,
				01FC2E99235B989000C1418A /* RestaurantCheckerTests */,
				01FC2EA4235B989000C1418A /* RestaurantCheckerUITests */,
				01FC2E87235B988F00C1418A /* Products */,
			);
			sourceTree = "<group>";
		};
		01FC2E87235B988F00C1418A /* Products */ = {
			isa = PBXGroup;
			children = (
				01FC2E86235B988F00C1418A /* RestaurantChecker.app */,
				01FC2E96235B989000C1418A /* RestaurantCheckerTests.xctest */,
				01FC2EA1235B989000C1418A /* RestaurantCheckerUITests.xctest */,
			);
			name = Products;
			sourceTree = "<group>";
		};
		01FC2E88235B988F00C1418A /* RestaurantChecker */ = {
			isa = PBXGroup;
			children = (
				01FC2E89235B988F00C1418A /* AppDelegate.swift */,
				01FC2E8B235B989000C1418A /* Assets.xcassets */,
				01FC2E8D235B989000C1418A /* MainMenu.xib */,
				01FC2E90235B989000C1418A /* Info.plist */,
				01FC2E91235B989000C1418A /* RestaurantChecker.entitlements */,
			);
			path = RestaurantChecker;
			sourceTree = "<group>";
		};
		01FC2E99235B989000C1418A /* RestaurantCheckerTests */ = {
			isa = PBXGroup;
			children = (
				01FC2E9A235B989000C1418A /* RestaurantCheckerTests.swift */,
				01FC2E9C235B989000C1418A /* Info.plist */,
			);
			path = RestaurantCheckerTests;
			sourceTree = "<group>";
		};
		01FC2EA4235B989000C1418A /* RestaurantCheckerUITests */ = {
			isa = PBXGroup;
			children = (
				01FC2EA5235B989000C1418A /* RestaurantCheckerUITests.swift */,
				01FC2EA7235B989000C1418A /* Info.plist */,
			);
			path = RestaurantCheckerUITests;
			sourceTree = "<group>";
		};
/* End PBXGroup section */

/* Begin PBXNativeTarget section */
		01FC2E85235B988F00C1418A /* RestaurantChecker */ = {
			isa = PBXNativeTarget;
			buildConfigurationList = 01FC2EAA235B989000C1418A /* Build configuration list for PBXNativeTarget "RestaurantChecker" */;
			buildPhases = (
				01FC2E82235B988F00C1418A /* Sources */,
				01FC2E83235B988F00C1418A /* Frameworks */,
				01FC2E84235B988F00C1418A /* Resources */,
			);
			buildRules = (
			);
			dependencies = (
			);
			name = RestaurantChecker;
			productName = RestaurantChecker;
			productReference = 01FC2E86235B988F00C1418A /* RestaurantChecker.app */;
			productType = "com.apple.product-type.application";
		};
		01FC2E95235B989000C1418A /* RestaurantCheckerTests */ = {
			isa = PBXNativeTarget;
			buildConfigurationList = 01FC2EAD235B989000C1418A /* Build configuration list for PBXNativeTarget "RestaurantCheckerTests" */;
			buildPhases = (
				01FC2E92235B989000C1418A /* Sources */,
				01FC2E93235B989000C1418A /* Frameworks */,
				01FC2E94235B989000C1418A /* Resources */,
			);
			buildRules = (
			);
			dependencies = (
				01FC2E98235B989000C1418A /* PBXTargetDependency */,
			);
			name = RestaurantCheckerTests;
			productName = RestaurantCheckerTests;
			productReference = 01FC2E96235B989000C1418A /* RestaurantCheckerTests.xctest */;
			productType = "com.apple.product-type.bundle.unit-test";
		};
		01FC2EA0235B989000C1418A /* RestaurantCheckerUITests */ = {
			isa = PBXNativeTarget;
			buildConfigurationList = 01FC2EB0235B989000C1418A /* Build configuration list for PBXNativeTarget "RestaurantCheckerUITests" */;
			buildPhases = (
				01FC2E9D235B989000C1418A /* Sources */,
				01FC2E9E235B989000C1418A /* Frameworks */,
				01FC2E9F235B989000C1418A /* Resources */,
			);
			buildRules = (
			);
			dependencies = (
				01FC2EA3235B989000C1418A /* PBXTargetDependency */,
			);
			name = RestaurantCheckerUITests;
			productName = RestaurantCheckerUITests;
			productReference = 01FC2EA1235B989000C1418A /* RestaurantCheckerUITests.xctest */;
			productType = "com.apple.product-type.bundle.ui-testing";
		};
/* End PBXNativeTarget section */

/* Begin PBXProject section */
		01FC2E7E235B988F00C1418A /* Project object */ = {
			isa = PBXProject;
			attributes = {
				LastSwiftUpdateCheck = 1110;
				LastUpgradeCheck = 1110;
				ORGANIZATIONNAME = "Bharddwaj Vemulapalli";
				TargetAttributes = {
					01FC2E85235B988F00C1418A = {
						CreatedOnToolsVersion = 11.1;
					};
					01FC2E95235B989000C1418A = {
						CreatedOnToolsVersion = 11.1;
						TestTargetID = 01FC2E85235B988F00C1418A;
					};
					01FC2EA0235B989000C1418A = {
						CreatedOnToolsVersion = 11.1;
						TestTargetID = 01FC2E85235B988F00C1418A;
					};
				};
			};
			buildConfigurationList = 01FC2E81235B988F00C1418A /* Build configuration list for PBXProject "RestaurantChecker" */;
			compatibilityVersion = "Xcode 9.3";
			developmentRegion = en;
			hasScannedForEncodings = 0;
			knownRegions = (
				en,
				Base,
			);
			mainGroup = 01FC2E7D235B988F00C1418A;
			productRefGroup = 01FC2E87235B988F00C1418A /* Products */;
			projectDirPath = "";
			projectRoot = "";
			targets = (
				01FC2E85235B988F00C1418A /* RestaurantChecker */,
				01FC2E95235B989000C1418A /* RestaurantCheckerTests */,
				01FC2EA0235B989000C1418A /* RestaurantCheckerUITests */,
			);
		};
/* End PBXProject section */

/* Begin PBXResourcesBuildPhase section */
		01FC2E84235B988F00C1418A /* Resources */ = {
			isa = PBXResourcesBuildPhase;
			buildActionMask = 2147483647;
			files = (
				01FC2E8C235B989000C1418A /* Assets.xcassets in Resources */,
				01FC2E8F235B989000C1418A /* MainMenu.xib in Resources */,
			);
			runOnlyForDeploymentPostprocessing = 0;
		};
		01FC2E94235B989000C1418A /* Resources */ = {
			isa = PBXResourcesBuildPhase;
			buildActionMask = 2147483647;
			files = (
			);
			runOnlyForDeploymentPostprocessing = 0;
		};
		01FC2E9F235B989000C1418A /* Resources */ = {
			isa = PBXResourcesBuildPhase;
			buildActionMask = 2147483647;
			files = (
			);
			runOnlyForDeploymentPostprocessing = 0;
		};
/* End PBXResourcesBuildPhase section */

/* Begin PBXSourcesBuildPhase section */
		01FC2E82235B988F00C1418A /* Sources */ = {
			isa = PBXSourcesBuildPhase;
			buildActionMask = 2147483647;
			files = (
				01FC2E8A235B988F00C1418A /* AppDelegate.swift in Sources */,
			);
			runOnlyForDeploymentPostprocessing = 0;
		};
		01FC2E92235B989000C1418A /* Sources */ = {
			isa = PBXSourcesBuildPhase;
			buildActionMask = 2147483647;
			files = (
				01FC2E9B235B989000C1418A /* RestaurantCheckerTests.swift in Sources */,
			);
			runOnlyForDeploymentPostprocessing = 0;
		};
		01FC2E9D235B989000C1418A /* Sources */ = {
			isa = PBXSourcesBuildPhase;
			buildActionMask = 2147483647;
			files = (
				01FC2EA6235B989000C1418A /* RestaurantCheckerUITests.swift in Sources */,
			);
			runOnlyForDeploymentPostprocessing = 0;
		};
/* End PBXSourcesBuildPhase section */

/* Begin PBXTargetDependency section */
		01FC2E98235B989000C1418A /* PBXTargetDependency */ = {
			isa = PBXTargetDependency;
			target = 01FC2E85235B988F00C1418A /* RestaurantChecker */;
			targetProxy = 01FC2E97235B989000C1418A /* PBXContainerItemProxy */;
		};
		01FC2EA3235B989000C1418A /* PBXTargetDependency */ = {
			isa = PBXTargetDependency;
			target = 01FC2E85235B988F00C1418A /* RestaurantChecker */;
			targetProxy = 01FC2EA2235B989000C1418A /* PBXContainerItemProxy */;
		};
/* End PBXTargetDependency section */

/* Begin PBXVariantGroup section */
		01FC2E8D235B989000C1418A /* MainMenu.xib */ = {
			isa = PBXVariantGroup;
			children = (
				01FC2E8E235B989000C1418A /* Base */,
			);
			name = MainMenu.xib;
			sourceTree = "<group>";
		};
/* End PBXVariantGroup section */

/* Begin XCBuildConfiguration section */
		01FC2EA8235B989000C1418A /* Debug */ = {
			isa = XCBuildConfiguration;
			buildSettings = {
				ALWAYS_SEARCH_USER_PATHS = NO;
				CLANG_ANALYZER_NONNULL = YES;
				CLANG_ANALYZER_NUMBER_OBJECT_CONVERSION = YES_AGGRESSIVE;
				CLANG_CXX_LANGUAGE_STANDARD = "gnu++14";
				CLANG_CXX_LIBRARY = "libc++";
				CLANG_ENABLE_MODULES = YES;
				CLANG_ENABLE_OBJC_ARC = YES;
				CLANG_ENABLE_OBJC_WEAK = YES;
				CLANG_WARN_BLOCK_CAPTURE_AUTORELEASING = YES;
				CLANG_WARN_BOOL_CONVERSION = YES;
				CLANG_WARN_COMMA = YES;
				CLANG_WARN_CONSTANT_CONVERSION = YES;
				CLANG_WARN_DEPRECATED_OBJC_IMPLEMENTATIONS = YES;
				CLANG_WARN_DIRECT_OBJC_ISA_USAGE = YES_ERROR;
				CLANG_WARN_DOCUMENTATION_COMMENTS = YES;
				CLANG_WARN_EMPTY_BODY = YES;
				CLANG_WARN_ENUM_CONVERSION = YES;
				CLANG_WARN_INFINITE_RECURSION = YES;
				CLANG_WARN_INT_CONVERSION = YES;
				CLANG_WARN_NON_LITERAL_NULL_CONVERSION = YES;
				CLANG_WARN_OBJC_IMPLICIT_RETAIN_SELF = YES;
				CLANG_WARN_OBJC_LITERAL_CONVERSION = YES;
				CLANG_WARN_OBJC_ROOT_CLASS = YES_ERROR;
				CLANG_WARN_RANGE_LOOP_ANALYSIS = YES;
				CLANG_WARN_STRICT_PROTOTYPES = YES;
				CLANG_WARN_SUSPICIOUS_MOVE = YES;
				CLANG_WARN_UNGUARDED_AVAILABILITY = YES_AGGRESSIVE;
				CLANG_WARN_UNREACHABLE_CODE = YES;
				CLANG_WARN__DUPLICATE_METHOD_MATCH = YES;
				COPY_PHASE_STRIP = NO;
				DEBUG_INFORMATION_FORMAT = dwarf;
				ENABLE_STRICT_OBJC_MSGSEND = YES;
				ENABLE_TESTABILITY = YES;
				GCC_C_LANGUAGE_STANDARD = gnu11;
				GCC_DYNAMIC_NO_PIC = NO;
				GCC_NO_COMMON_BLOCKS = YES;
				GCC_OPTIMIZATION_LEVEL = 0;
				GCC_PREPROCESSOR_DEFINITIONS = (
					"DEBUG=1",
					"$(inherited)",
				);
				GCC_WARN_64_TO_32_BIT_CONVERSION = YES;
				GCC_WARN_ABOUT_RETURN_TYPE = YES_ERROR;
				GCC_WARN_UNDECLARED_SELECTOR = YES;
				GCC_WARN_UNINITIALIZED_AUTOS = YES_AGGRESSIVE;
				GCC_WARN_UNUSED_FUNCTION = YES;
				GCC_WARN_UNUSED_VARIABLE = YES;
				MACOSX_DEPLOYMENT_TARGET = 10.15;
				MTL_ENABLE_DEBUG_INFO = INCLUDE_SOURCE;
				MTL_FAST_MATH = YES;
				ONLY_ACTIVE_ARCH = YES;
				SDKROOT = macosx;
				SWIFT_ACTIVE_COMPILATION_CONDITIONS = DEBUG;
				SWIFT_OPTIMIZATION_LEVEL = "-Onone";
			};
			name = Debug;
		};
		01FC2EA9235B989000C1418A /* Release */ = {
			isa = XCBuildConfiguration;
			buildSettings = {
				ALWAYS_SEARCH_USER_PATHS = NO;
				CLANG_ANALYZER_NONNULL = YES;
				CLANG_ANALYZER_NUMBER_OBJECT_CONVERSION = YES_AGGRESSIVE;
				CLANG_CXX_LANGUAGE_STANDARD = "gnu++14";
				CLANG_CXX_LIBRARY = "libc++";
				CLANG_ENABLE_MODULES = YES;
				CLANG_ENABLE_OBJC_ARC = YES;
				CLANG_ENABLE_OBJC_WEAK = YES;
				CLANG_WARN_BLOCK_CAPTURE_AUTORELEASING = YES;
				CLANG_WARN_BOOL_CONVERSION = YES;
				CLANG_WARN_COMMA = YES;
				CLANG_WARN_CONSTANT_CONVERSION = YES;
				CLANG_WARN_DEPRECATED_OBJC_IMPLEMENTATIONS = YES;
				CLANG_WARN_DIRECT_OBJC_ISA_USAGE = YES_ERROR;
				CLANG_WARN_DOCUMENTATION_COMMENTS = YES;
				CLANG_WARN_EMPTY_BODY = YES;
				CLANG_WARN_ENUM_CONVERSION = YES;
				CLANG_WARN_INFINITE_RECURSION = YES;
				CLANG_WARN_INT_CONVERSION = YES;
				CLANG_WARN_NON_LITERAL_NULL_CONVERSION = YES;
				CLANG_WARN_OBJC_IMPLICIT_RETAIN_SELF = YES;
				CLANG_WARN_OBJC_LITERAL_CONVERSION = YES;
				CLANG_WARN_OBJC_ROOT_CLASS = YES_ERROR;
				CLANG_WARN_RANGE_LOOP_ANALYSIS = YES;
				CLANG_WARN_STRICT_PROTOTYPES = YES;
				CLANG_WARN_SUSPICIOUS_MOVE = YES;
				CLANG_WARN_UNGUARDED_AVAILABILITY = YES_AGGRESSIVE;
				CLANG_WARN_UNREACHABLE_CODE = YES;
				CLANG_WARN__DUPLICATE_METHOD_MATCH = YES;
				COPY_PHASE_STRIP = NO;
				DEBUG_INFORMATION_FORMAT = "dwarf-with-dsym";
				ENABLE_NS_ASSERTIONS = NO;
				ENABLE_STRICT_OBJC_MSGSEND = YES;
				GCC_C_LANGUAGE_STANDARD = gnu11;
				GCC_NO_COMMON_BLOCKS = YES;
				GCC_WARN_64_TO_32_BIT_CONVERSION = YES;
				GCC_WARN_ABOUT_RETURN_TYPE = YES_ERROR;
				GCC_WARN_UNDECLARED_SELECTOR = YES;
				GCC_WARN_UNINITIALIZED_AUTOS = YES_AGGRESSIVE;
				GCC_WARN_UNUSED_FUNCTION = YES;
				GCC_WARN_UNUSED_VARIABLE = YES;
				MACOSX_DEPLOYMENT_TARGET = 10.15;
				MTL_ENABLE_DEBUG_INFO = NO;
				MTL_FAST_MATH = YES;
				SDKROOT = macosx;
				SWIFT_COMPILATION_MODE = wholemodule;
				SWIFT_OPTIMIZATION_LEVEL = "-O";
			};
			name = Release;
		};
		01FC2EAB235B989000C1418A /* Debug */ = {
			isa = XCBuildConfiguration;
			buildSettings = {
				ASSETCATALOG_COMPILER_APPICON_NAME = AppIcon;
				CODE_SIGN_ENTITLEMENTS = RestaurantChecker/RestaurantChecker.entitlements;
				CODE_SIGN_STYLE = Automatic;
				COMBINE_HIDPI_IMAGES = YES;
				INFOPLIST_FILE = RestaurantChecker/Info.plist;
				LD_RUNPATH_SEARCH_PATHS = (
					"$(inherited)",
					"@executable_path/../Frameworks",
				);
				PRODUCT_BUNDLE_IDENTIFIER = com.bharddwaj.RestaurantChecker;
				PRODUCT_NAME = "$(TARGET_NAME)";
				SWIFT_VERSION = 5.0;
			};
			name = Debug;
		};
		01FC2EAC235B989000C1418A /* Release */ = {
			isa = XCBuildConfiguration;
			buildSettings = {
				ASSETCATALOG_COMPILER_APPICON_NAME = AppIcon;
				CODE_SIGN_ENTITLEMENTS = RestaurantChecker/RestaurantChecker.entitlements;
				CODE_SIGN_STYLE = Automatic;
				COMBINE_HIDPI_IMAGES = YES;
				INFOPLIST_FILE = RestaurantChecker/Info.plist;
				LD_RUNPATH_SEARCH_PATHS = (
					"$(inherited)",
					"@executable_path/../Frameworks",
				);
				PRODUCT_BUNDLE_IDENTIFIER = com.bharddwaj.RestaurantChecker;
				PRODUCT_NAME = "$(TARGET_NAME)";
				SWIFT_VERSION = 5.0;
			};
			name = Release;
		};
		01FC2EAE235B989000C1418A /* Debug */ = {
			isa = XCBuildConfiguration;
			buildSettings = {
				ALWAYS_EMBED_SWIFT_STANDARD_LIBRARIES = YES;
				BUNDLE_LOADER = "$(TEST_HOST)";
				CODE_SIGN_STYLE = Automatic;
				COMBINE_HIDPI_IMAGES = YES;
				INFOPLIST_FILE = RestaurantCheckerTests/Info.plist;
				LD_RUNPATH_SEARCH_PATHS = (
					"$(inherited)",
					"@executable_path/../Frameworks",
					"@loader_path/../Frameworks",
				);
				MACOSX_DEPLOYMENT_TARGET = 10.15;
				PRODUCT_BUNDLE_IDENTIFIER = com.bharddwaj.RestaurantCheckerTests;
				PRODUCT_NAME = "$(TARGET_NAME)";
				SWIFT_VERSION = 5.0;
				TEST_HOST = "$(BUILT_PRODUCTS_DIR)/RestaurantChecker.app/Contents/MacOS/RestaurantChecker";
			};
			name = Debug;
		};
		01FC2EAF235B989000C1418A /* Release */ = {
			isa = XCBuildConfiguration;
			buildSettings = {
				ALWAYS_EMBED_SWIFT_STANDARD_LIBRARIES = YES;
				BUNDLE_LOADER = "$(TEST_HOST)";
				CODE_SIGN_STYLE = Automatic;
				COMBINE_HIDPI_IMAGES = YES;
				INFOPLIST_FILE = RestaurantCheckerTests/Info.plist;
				LD_RUNPATH_SEARCH_PATHS = (
					"$(inherited)",
					"@executable_path/../Frameworks",
					"@loader_path/../Frameworks",
				);
				MACOSX_DEPLOYMENT_TARGET = 10.15;
				PRODUCT_BUNDLE_IDENTIFIER = com.bharddwaj.RestaurantCheckerTests;
				PRODUCT_NAME = "$(TARGET_NAME)";
				SWIFT_VERSION = 5.0;
				TEST_HOST = "$(BUILT_PRODUCTS_DIR)/RestaurantChecker.app/Contents/MacOS/RestaurantChecker";
			};
			name = Release;
		};
		01FC2EB1235B989000C1418A /* Debug */ = {
			isa = XCBuildConfiguration;
			buildSettings = {
				ALWAYS_EMBED_SWIFT_STANDARD_LIBRARIES = YES;
				CODE_SIGN_STYLE = Automatic;
				COMBINE_HIDPI_IMAGES = YES;
				INFOPLIST_FILE = RestaurantCheckerUITests/Info.plist;
				LD_RUNPATH_SEARCH_PATHS = (
					"$(inherited)",
					"@executable_path/../Frameworks",
					"@loader_path/../Frameworks",
				);
				PRODUCT_BUNDLE_IDENTIFIER = com.bharddwaj.RestaurantCheckerUITests;
				PRODUCT_NAME = "$(TARGET_NAME)";
				SWIFT_VERSION = 5.0;
				TEST_TARGET_NAME = RestaurantChecker;
			};
			name = Debug;
		};
		01FC2EB2235B989000C1418A /* Release */ = {
			isa = XCBuildConfiguration;
			buildSettings = {
				ALWAYS_EMBED_SWIFT_STANDARD_LIBRARIES = YES;
				CODE_SIGN_STYLE = Automatic;
				COMBINE_HIDPI_IMAGES = YES;
				INFOPLIST_FILE = RestaurantCheckerUITests/Info.plist;
				LD_RUNPATH_SEARCH_PATHS = (
					"$(inherited)",
					"@executable_path/../Frameworks",
					"@loader_path/../Frameworks",
				);
				PRODUCT_BUNDLE_IDENTIFIER = com.bharddwaj.RestaurantCheckerUITests;
				PRODUCT_NAME = "$(TARGET_NAME)";
				SWIFT_VERSION = 5.0;
				TEST_TARGET_NAME = RestaurantChecker;
			};
			name = Release;
		};
/* End XCBuildConfiguration section */

/* Begin XCConfigurationList section */
		01FC2E81235B988F00C1418A /* Build configuration list for PBXProject "RestaurantChecker" */ = {
			isa = XCConfigurationList;
			buildConfigurations = (
				01FC2EA8235B989000C1418A /* Debug */,
				01FC2EA9235B989000C1418A /* Release */,
			);
			defaultConfigurationIsVisible = 0;
			defaultConfigurationName = Release;
		};
		01FC2EAA235B989000C1418A /* Build configuration list for PBXNativeTarget "RestaurantChecker" */ = {
			isa = XCConfigurationList;
			buildConfigurations = (
				01FC2EAB235B989000C1418A /* Debug */,
				01FC2EAC235B989000C1418A /* Release */,
			);
			defaultConfigurationIsVisible = 0;
			defaultConfigurationName = Release;
		};
		01FC2EAD235B989000C1418A /* Build configuration list for PBXNativeTarget "RestaurantCheckerTests" */ = {
			isa = XCConfigurationList;
			buildConfigurations = (
				01FC2EAE235B989000C1418A /* Debug */,
				01FC2EAF235B989000C1418A /* Release */,
			);
			defaultConfigurationIsVisible = 0;
			defaultConfigurationName = Release;
		};
		01FC2EB0235B989000C1418A /* Build configuration list for PBXNativeTarget "RestaurantCheckerUITests" */ = {
			isa = XCConfigurationList;
			buildConfigurations = (
				01FC2EB1235B989000C1418A /* Debug */,
				01FC2EB2235B989000C1418A /* Release */,
			);
			defaultConfigurationIsVisible = 0;
			defaultConfigurationName = Release;
		};
/* End XCConfigurationList section */
	};
	rootObject = 01FC2E7E235B988F00C1418A /* Project object */;
}
